
Microsoft Visual Studio Solution File, Format Version 12.00
# Visual Studio Version 17
VisualStudioVersion = 17.5.002.0
MinimumVisualStudioVersion = 10.0.40219.1
Project("{9A19103F-16F7-4668-BE54-9A1E7A4F7556}") = "ThrowExceptions", "ThrowExceptions.csproj", "{B41EAD66-8DE7-40BB-9811-418BBDA674DB}"
EndProject
Global
	GlobalSection(SolutionConfigurationPlatforms) = preSolution
		Debug|Any CPU = Debug|Any CPU
		Release|Any CPU = Release|Any CPU
	EndGlobalSection
	GlobalSection(ProjectConfigurationPlatforms) = postSolution
		{B41EAD66-8DE7-40BB-9811-418BBDA674DB}.Debug|Any CPU.ActiveCfg = Debug|Any CPU
		{B41EAD66-8DE7-40BB-9811-418BBDA674DB}.Debug|Any CPU.Build.0 = Debug|Any CPU
		{B41EAD66-8DE7-40BB-9811-418BBDA674DB}.Release|Any CPU.ActiveCfg = Release|Any CPU
		{B41EAD66-8DE7-40BB-9811-418BBDA674DB}.Release|Any CPU.Build.0 = Release|Any CPU
	EndGlobalSection
	GlobalSection(SolutionProperties) = preSolution
		HideSolutionNode = FALSE
	EndGlobalSection
	GlobalSection(ExtensibilityGlobals) = postSolution
		SolutionGuid = {105AF5C9-2A73-4D26-9848-D484709EE30A}
	EndGlobalSection
EndGlobal
